Microsoft Visual Studio Solution File, Format Version 12.00
# Visual Studio Version 17
VisualStudioVersion = 17.5.2.0
MinimumVisualStudioVersion = 10.0.40219.1
Project("{2150E333-8FDC-42A3-9474-1A3956D46DE8}") = "app", "app", "{F95F473B-E98A-ACD6-1986-755F447BE36F}"
EndProject
Project("{2150E333-8FDC-42A3-9474-1A3956D46DE8}") = "backend", "backend", "{F1C03477-FB42-63FE-39FD-AEF02E061287}"
EndProject
Project("{2150E333-8FDC-42A3-9474-1A3956D46DE8}") = "src", "src", "{65D9C1F2-D865-B7E6-3236-3B006EAA463E}"
EndProject
Project("{FAE04EC0-301F-11D3-BF4B-00C04F79EFBC}") = "Defines", "app\backend\src\Defines\Defines.csproj", "{327DBAE3-2B90-D3B4-BB8F-BD025CF72DB8}"
EndProject
Project("{FAE04EC0-301F-11D3-BF4B-00C04F79EFBC}") = "Infrastructure", "app\backend\src\Infrastructure\Infrastructure.csproj", "{C6A53489-40AF-37E3-4BAE-5D6DA47CA24C}"
EndProject
Project("{FAE04EC0-301F-11D3-BF4B-00C04F79EFBC}") = "Presentation", "app\backend\src\Presentation\Presentation.csproj", "{3565EC47-A088-6CD9-8192-8A3E325DCCB1}"
EndProject
Project("{2150E333-8FDC-42A3-9474-1A3956D46DE8}") = "Core", "Core", "{9975F665-ED39-8CC1-117F-14D10969FF67}"
EndProject
Project("{FAE04EC0-301F-11D3-BF4B-00C04F79EFBC}") = "Application", "app\backend\src\Core\Application\Application.csproj", "{4373ED4A-8BA6-AAA8-25C2-E1897F3E3962}"
EndProject
Project("{FAE04EC0-301F-11D3-BF4B-00C04F79EFBC}") = "Domain", "app\backend\src\Core\Domain\Domain.csproj", "{C63BE3F5-2466-4701-A1FA-3374905E53EA}"
EndProject
Global
	GlobalSection(SolutionConfigurationPlatforms) = preSolution
		Debug|Any CPU = Debug|Any CPU
		Release|Any CPU = Release|Any CPU
	EndGlobalSection
	GlobalSection(ProjectConfigurationPlatforms) = postSolution
		{327DBAE3-2B90-D3B4-BB8F-BD025CF72DB8}.Debug|Any CPU.ActiveCfg = Debug|Any CPU
		{327DBAE3-2B90-D3B4-BB8F-BD025CF72DB8}.Debug|Any CPU.Build.0 = Debug|Any CPU
		{327DBAE3-2B90-D3B4-BB8F-BD025CF72DB8}.Release|Any CPU.ActiveCfg = Release|Any CPU
		{327DBAE3-2B90-D3B4-BB8F-BD025CF72DB8}.Release|Any CPU.Build.0 = Release|Any CPU
		{C6A53489-40AF-37E3-4BAE-5D6DA47CA24C}.Debug|Any CPU.ActiveCfg = Debug|Any CPU
		{C6A53489-40AF-37E3-4BAE-5D6DA47CA24C}.Debug|Any CPU.Build.0 = Debug|Any CPU
		{C6A53489-40AF-37E3-4BAE-5D6DA47CA24C}.Release|Any CPU.ActiveCfg = Release|Any CPU
		{C6A53489-40AF-37E3-4BAE-5D6DA47CA24C}.Release|Any CPU.Build.0 = Release|Any CPU
		{3565EC47-A088-6CD9-8192-8A3E325DCCB1}.Debug|Any CPU.ActiveCfg = Debug|Any CPU
		{3565EC47-A088-6CD9-8192-8A3E325DCCB1}.Debug|Any CPU.Build.0 = Debug|Any CPU
		{3565EC47-A088-6CD9-8192-8A3E325DCCB1}.Release|Any CPU.ActiveCfg = Release|Any CPU
		{3565EC47-A088-6CD9-8192-8A3E325DCCB1}.Release|Any CPU.Build.0 = Release|Any CPU
		{4373ED4A-8BA6-AAA8-25C2-E1897F3E3962}.Debug|Any CPU.ActiveCfg = Debug|Any CPU
		{4373ED4A-8BA6-AAA8-25C2-E1897F3E3962}.Debug|Any CPU.Build.0 = Debug|Any CPU
		{4373ED4A-8BA6-AAA8-25C2-E1897F3E3962}.Release|Any CPU.ActiveCfg = Release|Any CPU
		{4373ED4A-8BA6-AAA8-25C2-E1897F3E3962}.Release|Any CPU.Build.0 = Release|Any CPU
		{C63BE3F5-2466-4701-A1FA-3374905E53EA}.Debug|Any CPU.ActiveCfg = Debug|Any CPU
		{C63BE3F5-2466-4701-A1FA-3374905E53EA}.Debug|Any CPU.Build.0 = Debug|Any CPU
		{C63BE3F5-2466-4701-A1FA-3374905E53EA}.Release|Any CPU.ActiveCfg = Release|Any CPU
		{C63BE3F5-2466-4701-A1FA-3374905E53EA}.Release|Any CPU.Build.0 = Release|Any CPU
	EndGlobalSection
	GlobalSection(SolutionProperties) = preSolution
		HideSolutionNode = FALSE
	EndGlobalSection
	GlobalSection(NestedProjects) = preSolution
		{F1C03477-FB42-63FE-39FD-AEF02E061287} = {F95F473B-E98A-ACD6-1986-755F447BE36F}
		{65D9C1F2-D865-B7E6-3236-3B006EAA463E} = {F1C03477-FB42-63FE-39FD-AEF02E061287}
		{327DBAE3-2B90-D3B4-BB8F-BD025CF72DB8} = {65D9C1F2-D865-B7E6-3236-3B006EAA463E}
		{C6A53489-40AF-37E3-4BAE-5D6DA47CA24C} = {65D9C1F2-D865-B7E6-3236-3B006EAA463E}
		{3565EC47-A088-6CD9-8192-8A3E325DCCB1} = {65D9C1F2-D865-B7E6-3236-3B006EAA463E}
		{9975F665-ED39-8CC1-117F-14D10969FF67} = {65D9C1F2-D865-B7E6-3236-3B006EAA463E}
		{4373ED4A-8BA6-AAA8-25C2-E1897F3E3962} = {9975F665-ED39-8CC1-117F-14D10969FF67}
		{C63BE3F5-2466-4701-A1FA-3374905E53EA} = {9975F665-ED39-8CC1-117F-14D10969FF67}
	EndGlobalSection
	GlobalSection(ExtensibilityGlobals) = postSolution
		SolutionGuid = {9C99CDFF-8C20-4FA8-BE67-7D07808CFD45}
	EndGlobalSection
EndGlobal
